
Microsoft Visual Studio Solution File, Format Version 12.00
# Visual Studio Version 17
VisualStudioVersion = 17.11.35327.3
MinimumVisualStudioVersion = 10.0.40219.1
Project("{FAE04EC0-301F-11D3-BF4B-00C04F79EFBC}") = "tarif", "tarif.csproj", "{351588EB-C25C-4963-8644-10178AC934AD}"
EndProject
Global
	GlobalSection(SolutionConfigurationPlatforms) = preSolution
		Debug|Any CPU = Debug|Any CPU
		Release|Any CPU = Release|Any CPU
	EndGlobalSection
	GlobalSection(ProjectConfigurationPlatforms) = postSolution
		{351588EB-C25C-4963-8644-10178AC934AD}.Debug|Any CPU.ActiveCfg = Debug|Any CPU
		{351588EB-C25C-4963-8644-10178AC934AD}.Debug|Any CPU.Build.0 = Debug|Any CPU
		{351588EB-C25C-4963-8644-10178AC934AD}.Release|Any CPU.ActiveCfg = Release|Any CPU
		{351588EB-C25C-4963-8644-10178AC934AD}.Release|Any CPU.Build.0 = Release|Any CPU
	EndGlobalSection
	GlobalSection(SolutionProperties) = preSolution
		HideSolutionNode = FALSE
	EndGlobalSection
	GlobalSection(ExtensibilityGlobals) = postSolution
		SolutionGuid = {A1A3E6BF-943C-496F-BAEB-1DFB7F6CE22E}
	EndGlobalSection
EndGlobal
